
Microsoft Visual Studio Solution File, Format Version 12.00
# Visual Studio Version 17
VisualStudioVersion = 17.1.32319.34
MinimumVisualStudioVersion = 10.0.40219.1
Project("{FAE04EC0-301F-11D3-BF4B-00C04F79EFBC}") = "PvpMeydani", "PvpMeydani\PvpMeydani.csproj", "{56E63F58-E38E-430B-B4E1-11D8563B48C3}"
EndProject
Project("{FAE04EC0-301F-11D3-BF4B-00C04F79EFBC}") = "VeriErisimKatmani", "VeriErisimKatmani\VeriErisimKatmani.csproj", "{02273622-8632-48F4-BDFD-1B52E25BDFB7}"
EndProject
Global
	GlobalSection(SolutionConfigurationPlatforms) = preSolution
		Debug|Any CPU = Debug|Any CPU
		Release|Any CPU = Release|Any CPU
	EndGlobalSection
	GlobalSection(ProjectConfigurationPlatforms) = postSolution
		{56E63F58-E38E-430B-B4E1-11D8563B48C3}.Debug|Any CPU.ActiveCfg = Debug|Any CPU
		{56E63F58-E38E-430B-B4E1-11D8563B48C3}.Debug|Any CPU.Build.0 = Debug|Any CPU
		{56E63F58-E38E-430B-B4E1-11D8563B48C3}.Release|Any CPU.ActiveCfg = Release|Any CPU
		{56E63F58-E38E-430B-B4E1-11D8563B48C3}.Release|Any CPU.Build.0 = Release|Any CPU
		{02273622-8632-48F4-BDFD-1B52E25BDFB7}.Debug|Any CPU.ActiveCfg = Debug|Any CPU
		{02273622-8632-48F4-BDFD-1B52E25BDFB7}.Debug|Any CPU.Build.0 = Debug|Any CPU
		{02273622-8632-48F4-BDFD-1B52E25BDFB7}.Release|Any CPU.ActiveCfg = Release|Any CPU
		{02273622-8632-48F4-BDFD-1B52E25BDFB7}.Release|Any CPU.Build.0 = Release|Any CPU
	EndGlobalSection
	GlobalSection(SolutionProperties) = preSolution
		HideSolutionNode = FALSE
	EndGlobalSection
	GlobalSection(ExtensibilityGlobals) = postSolution
		SolutionGuid = {F483BFF2-AAA4-430A-B601-9AFB0AF617D2}
	EndGlobalSection
EndGlobal
